# This file is automatically @generated by Cargo.
# It is not intended for manual editing.
version = 4

[[package]]
name = "spherra-bench"
version = "0.1.0"
dependencies = [
 "spherra-codec",
 "spherra-domain",
 "spherra-format",
 "spherra-testkit",
]

[[package]]
name = "spherra-codec"
version = "0.1.0"
dependencies = [
 "spherra-domain",
 "spherra-simd",
]

[[package]]
name = "spherra-domain"
version = "0.1.0"

[[package]]
name = "spherra-format"
version = "0.1.0"
dependencies = [
 "spherra-domain",
]

[[package]]
name = "spherra-simd"
version = "0.1.0"
dependencies = [
 "spherra-domain",
]

[[package]]
name = "spherra-testkit"
version = "0.1.0"
dependencies = [
 "spherra-codec",
 "spherra-domain",
 "spherra-format",
]
